
Microsoft Visual Studio Solution File, Format Version 12.00
# Visual Studio Version 17
VisualStudioVersion = 17.14.36414.22 d17.14
MinimumVisualStudioVersion = 10.0.40219.1
Project("{FAE04EC0-301F-11D3-BF4B-00C04F79EFBC}") = "Class_Practice", "Class_Practice\Class_Practice.csproj", "{0AC81F31-238B-48D6-ABD7-8A864A8F56CD}"
EndProject
Project("{2150E333-8FDC-42A3-9474-1A3956D46DE8}") = "ソリューション項目", "ソリューション項目", "{2022CB0F-8BAF-F49E-0C48-8EF4C96EC109}"
EndProject
Global
	GlobalSection(SolutionConfigurationPlatforms) = preSolution
		Debug|Any CPU = Debug|Any CPU
		Release|Any CPU = Release|Any CPU
	EndGlobalSection
	GlobalSection(ProjectConfigurationPlatforms) = postSolution
		{0AC81F31-238B-48D6-ABD7-8A864A8F56CD}.Debug|Any CPU.ActiveCfg = Debug|Any CPU
		{0AC81F31-238B-48D6-ABD7-8A864A8F56CD}.Debug|Any CPU.Build.0 = Debug|Any CPU
		{0AC81F31-238B-48D6-ABD7-8A864A8F56CD}.Release|Any CPU.ActiveCfg = Release|Any CPU
		{0AC81F31-238B-48D6-ABD7-8A864A8F56CD}.Release|Any CPU.Build.0 = Release|Any CPU
	EndGlobalSection
	GlobalSection(SolutionProperties) = preSolution
		HideSolutionNode = FALSE
	EndGlobalSection
	GlobalSection(ExtensibilityGlobals) = postSolution
		SolutionGuid = {B17CC034-2889-46BA-80E1-95F6B971CE93}
	EndGlobalSection
EndGlobal
